dependencies:
- name: opentelemetry-collector
  repository: https://open-telemetry.github.io/opentelemetry-helm-charts
  version: 0.110.0
- name: opentelemetry-operator
  repository: https://open-telemetry.github.io/opentelemetry-helm-charts
  version: 0.92.3
digest: sha256:8ab2a14982ab80ec9bfb3b519269031a2675df4cafa42a53f05deba914eb8666
generated: "2025-08-12T10:53:41.542619+02:00"
