dependencies:
- name: opentelemetry-collector
  repository: https://open-telemetry.github.io/opentelemetry-helm-charts
  version: 0.131.0
- name: opentelemetry-operator
  repository: https://open-telemetry.github.io/opentelemetry-helm-charts
  version: 0.93.0
digest: sha256:bcabfa4a3093acc67156e523df9024717320c41ccecdb0d6833bcd34affa893d
generated: "2025-11-13T20:16:36.104737817Z"
